
Microsoft Visual Studio Solution File, Format Version 12.00
# Visual Studio Version 16
VisualStudioVersion = 16.0.30204.135
MinimumVisualStudioVersion = 10.0.40219.1
Project("{9A19103F-16F7-4668-BE54-9A1E7A4F7556}") = "Core.Template", "Core.Template\Core.Template.csproj", "{455646AB-CE2C-4804-B9B2-EFD7B3DCF1DB}"
EndProject
Project("{9A19103F-16F7-4668-BE54-9A1E7A4F7556}") = "Core.Interface", "Core.Interface\Core.Interface.csproj", "{6EF53F63-1703-4346-99C4-83CFCA3E149D}"
EndProject
Project("{9A19103F-16F7-4668-BE54-9A1E7A4F7556}") = "Core.Service", "Core.Service\Core.Service.csproj", "{4478DD99-0717-4D0D-AB11-ADC179DF3F21}"
EndProject
Project("{9A19103F-16F7-4668-BE54-9A1E7A4F7556}") = "Core.Tool", "Core.Tool\Core.Tool.csproj", "{935E659A-7086-482F-BF66-BE56D5ACB9C8}"
EndProject
Project("{FAE04EC0-301F-11D3-BF4B-00C04F79EFBC}") = "Core.models", "Core.models\Core.models.csproj", "{CAF48B10-5060-455D-A446-929F09A92F8D}"
EndProject
Global
	GlobalSection(SolutionConfigurationPlatforms) = preSolution
		Debug|Any CPU = Debug|Any CPU
		Release|Any CPU = Release|Any CPU
	EndGlobalSection
	GlobalSection(ProjectConfigurationPlatforms) = postSolution
		{455646AB-CE2C-4804-B9B2-EFD7B3DCF1DB}.Debug|Any CPU.ActiveCfg = Debug|Any CPU
		{455646AB-CE2C-4804-B9B2-EFD7B3DCF1DB}.Debug|Any CPU.Build.0 = Debug|Any CPU
		{455646AB-CE2C-4804-B9B2-EFD7B3DCF1DB}.Release|Any CPU.ActiveCfg = Release|Any CPU
		{455646AB-CE2C-4804-B9B2-EFD7B3DCF1DB}.Release|Any CPU.Build.0 = Release|Any CPU
		{6EF53F63-1703-4346-99C4-83CFCA3E149D}.Debug|Any CPU.ActiveCfg = Debug|Any CPU
		{6EF53F63-1703-4346-99C4-83CFCA3E149D}.Debug|Any CPU.Build.0 = Debug|Any CPU
		{6EF53F63-1703-4346-99C4-83CFCA3E149D}.Release|Any CPU.ActiveCfg = Release|Any CPU
		{6EF53F63-1703-4346-99C4-83CFCA3E149D}.Release|Any CPU.Build.0 = Release|Any CPU
		{4478DD99-0717-4D0D-AB11-ADC179DF3F21}.Debug|Any CPU.ActiveCfg = Debug|Any CPU
		{4478DD99-0717-4D0D-AB11-ADC179DF3F21}.Debug|Any CPU.Build.0 = Debug|Any CPU
		{4478DD99-0717-4D0D-AB11-ADC179DF3F21}.Release|Any CPU.ActiveCfg = Release|Any CPU
		{4478DD99-0717-4D0D-AB11-ADC179DF3F21}.Release|Any CPU.Build.0 = Release|Any CPU
		{935E659A-7086-482F-BF66-BE56D5ACB9C8}.Debug|Any CPU.ActiveCfg = Debug|Any CPU
		{935E659A-7086-482F-BF66-BE56D5ACB9C8}.Debug|Any CPU.Build.0 = Debug|Any CPU
		{935E659A-7086-482F-BF66-BE56D5ACB9C8}.Release|Any CPU.ActiveCfg = Release|Any CPU
		{935E659A-7086-482F-BF66-BE56D5ACB9C8}.Release|Any CPU.Build.0 = Release|Any CPU
		{CAF48B10-5060-455D-A446-929F09A92F8D}.Debug|Any CPU.ActiveCfg = Debug|Any CPU
		{CAF48B10-5060-455D-A446-929F09A92F8D}.Debug|Any CPU.Build.0 = Debug|Any CPU
		{CAF48B10-5060-455D-A446-929F09A92F8D}.Release|Any CPU.ActiveCfg = Release|Any CPU
		{CAF48B10-5060-455D-A446-929F09A92F8D}.Release|Any CPU.Build.0 = Release|Any CPU
	EndGlobalSection
	GlobalSection(SolutionProperties) = preSolution
		HideSolutionNode = FALSE
	EndGlobalSection
	GlobalSection(ExtensibilityGlobals) = postSolution
		SolutionGuid = {6A76F965-EACA-4164-8395-CC1A8E329BA3}
	EndGlobalSection
EndGlobal
